
Microsoft Visual Studio Solution File, Format Version 12.00
# Visual Studio 2013
VisualStudioVersion = 12.0.30501.0
MinimumVisualStudioVersion = 10.0.40219.1
Project("{FAE04EC0-301F-11D3-BF4B-00C04F79EFBC}") = "EventMonitor", "EventMonitor\EventMonitor.csproj", "{E4C19882-3100-4C11-9F3A-2589B0871DE3}"
EndProject
Project("{FAE04EC0-301F-11D3-BF4B-00C04F79EFBC}") = "EventMonitor.UnitTest", "EventMonitor.UnitTest\EventMonitor.UnitTest.csproj", "{3F46CFFC-9EE6-4DA0-86C7-BCBFE00C2A69}"
EndProject
Global
	GlobalSection(SolutionConfigurationPlatforms) = preSolution
		Debug|Any CPU = Debug|Any CPU
		Release|Any CPU = Release|Any CPU
	EndGlobalSection
	GlobalSection(ProjectConfigurationPlatforms) = postSolution
		{E4C19882-3100-4C11-9F3A-2589B0871DE3}.Debug|Any CPU.ActiveCfg = Debug|Any CPU
		{E4C19882-3100-4C11-9F3A-2589B0871DE3}.Debug|Any CPU.Build.0 = Debug|Any CPU
		{E4C19882-3100-4C11-9F3A-2589B0871DE3}.Release|Any CPU.ActiveCfg = Release|Any CPU
		{E4C19882-3100-4C11-9F3A-2589B0871DE3}.Release|Any CPU.Build.0 = Release|Any CPU
		{3F46CFFC-9EE6-4DA0-86C7-BCBFE00C2A69}.Debug|Any CPU.ActiveCfg = Debug|Any CPU
		{3F46CFFC-9EE6-4DA0-86C7-BCBFE00C2A69}.Debug|Any CPU.Build.0 = Debug|Any CPU
		{3F46CFFC-9EE6-4DA0-86C7-BCBFE00C2A69}.Release|Any CPU.ActiveCfg = Release|Any CPU
		{3F46CFFC-9EE6-4DA0-86C7-BCBFE00C2A69}.Release|Any CPU.Build.0 = Release|Any CPU
	EndGlobalSection
	GlobalSection(SolutionProperties) = preSolution
		HideSolutionNode = FALSE
	EndGlobalSection
EndGlobal
